{
  "name": "nodejs",
  "lockfileVersion": 2,
  "requires": true,
  "packages": {
    "": {
      "dependencies": {
        "ussd-menu-builder": "^1.2.0"
      }
    },
    "node_modules/async": {
      "version": "2.6.4",
      "resolved": "https://registry.npmjs.org/async/-/async-2.6.4.tgz",
      "integrity": "sha512-mzo5dfJYwAn29PeiJ0zvwTo04zj8HDJj0Mn8TD7sno7q12prdbnasKJHhkm2c1LgrhlJ0teaea8860oxi51mGA==",
      "dependencies": {
        "lodash": "^4.17.14"
      }
    },
    "node_modules/lodash": {
      "version": "4.17.21",
      "resolved": "https://registry.npmjs.org/lodash/-/lodash-4.17.21.tgz",
      "integrity": "sha512-v2kDEe57lecTulaDIuNTPy3Ry4gLGJ6Z1O3vE1krgXZNrsQ+LFTGHVxVjcXPs17LhbZVGedAJv8XZ1tvj5FvSg=="
    },
    "node_modules/ussd-menu-builder": {
      "version": "1.2.0",
      "resolved": "https://registry.npmjs.org/ussd-menu-builder/-/ussd-menu-builder-1.2.0.tgz",
      "integrity": "sha512-Du8qPi16fbwC8QWvIA+QAyyM8MZ2rIXxuZLySDz5HNCEBXY4L6KAhqnG4kv5ZAuO6rpH2XmBOh40Xcb0gEo/uQ==",
      "dependencies": {
        "async": "^2.6.1"
      }
    }
  },
  "dependencies": {
    "async": {
      "version": "2.6.4",
      "resolved": "https://registry.npmjs.org/async/-/async-2.6.4.tgz",
      "integrity": "sha512-mzo5dfJYwAn29PeiJ0zvwTo04zj8HDJj0Mn8TD7sno7q12prdbnasKJHhkm2c1LgrhlJ0teaea8860oxi51mGA==",
      "requires": {
        "lodash": "^4.17.14"
      }
    },
    "lodash": {
      "version": "4.17.21",
      "resolved": "https://registry.npmjs.org/lodash/-/lodash-4.17.21.tgz",
      "integrity": "sha512-v2kDEe57lecTulaDIuNTPy3Ry4gLGJ6Z1O3vE1krgXZNrsQ+LFTGHVxVjcXPs17LhbZVGedAJv8XZ1tvj5FvSg=="
    },
    "ussd-menu-builder": {
      "version": "1.2.0",
      "resolved": "https://registry.npmjs.org/ussd-menu-builder/-/ussd-menu-builder-1.2.0.tgz",
      "integrity": "sha512-Du8qPi16fbwC8QWvIA+QAyyM8MZ2rIXxuZLySDz5HNCEBXY4L6KAhqnG4kv5ZAuO6rpH2XmBOh40Xcb0gEo/uQ==",
      "requires": {
        "async": "^2.6.1"
      }
    }
  }
}
